
Microsoft Visual Studio Solution File, Format Version 12.00
# Visual Studio Version 17
VisualStudioVersion = 17.13.35919.96
MinimumVisualStudioVersion = 10.0.40219.1
Project("{FAE04EC0-301F-11D3-BF4B-00C04F79EFBC}") = "MindNotes.Desktop", "MindNotes.Desktop\MindNotes.Desktop.csproj", "{BE58FD3D-9E91-4A39-8257-64976C22CFE4}"
EndProject
Project("{FAE04EC0-301F-11D3-BF4B-00C04F79EFBC}") = "MindNotes.Core", "MindNotes.Core\MindNotes.Core.csproj", "{376BFCEC-78ED-43C9-BE40-9663C109BA5D}"
EndProject
Project("{C7167F0D-BC9F-4E6E-AFE1-012C56B48DB5}") = "MindNotes (Package)", "MindNotes\MindNotes (Package)\MindNotes (Package).wapproj", "{6E9444FF-1375-4944-9545-C707A415210E}"
EndProject
Global
	GlobalSection(SolutionConfigurationPlatforms) = preSolution
		Debug|ARM64 = Debug|ARM64
		Debug|x64 = Debug|x64
		Debug|x86 = Debug|x86
		Release|ARM64 = Release|ARM64
		Release|x64 = Release|x64
		Release|x86 = Release|x86
	EndGlobalSection
	GlobalSection(ProjectConfigurationPlatforms) = postSolution
		{BE58FD3D-9E91-4A39-8257-64976C22CFE4}.Debug|ARM64.ActiveCfg = Debug|ARM64
		{BE58FD3D-9E91-4A39-8257-64976C22CFE4}.Debug|ARM64.Build.0 = Debug|ARM64
		{BE58FD3D-9E91-4A39-8257-64976C22CFE4}.Debug|ARM64.Deploy.0 = Debug|ARM64
		{BE58FD3D-9E91-4A39-8257-64976C22CFE4}.Debug|x64.ActiveCfg = Debug|x64
		{BE58FD3D-9E91-4A39-8257-64976C22CFE4}.Debug|x64.Build.0 = Debug|x64
		{BE58FD3D-9E91-4A39-8257-64976C22CFE4}.Debug|x64.Deploy.0 = Debug|x64
		{BE58FD3D-9E91-4A39-8257-64976C22CFE4}.Debug|x86.ActiveCfg = Debug|x86
		{BE58FD3D-9E91-4A39-8257-64976C22CFE4}.Debug|x86.Build.0 = Debug|x86
		{BE58FD3D-9E91-4A39-8257-64976C22CFE4}.Debug|x86.Deploy.0 = Debug|x86
		{BE58FD3D-9E91-4A39-8257-64976C22CFE4}.Release|ARM64.ActiveCfg = Release|ARM64
		{BE58FD3D-9E91-4A39-8257-64976C22CFE4}.Release|ARM64.Build.0 = Release|ARM64
		{BE58FD3D-9E91-4A39-8257-64976C22CFE4}.Release|ARM64.Deploy.0 = Release|ARM64
		{BE58FD3D-9E91-4A39-8257-64976C22CFE4}.Release|x64.ActiveCfg = Release|x64
		{BE58FD3D-9E91-4A39-8257-64976C22CFE4}.Release|x64.Build.0 = Release|x64
		{BE58FD3D-9E91-4A39-8257-64976C22CFE4}.Release|x64.Deploy.0 = Release|x64
		{BE58FD3D-9E91-4A39-8257-64976C22CFE4}.Release|x86.ActiveCfg = Release|x86
		{BE58FD3D-9E91-4A39-8257-64976C22CFE4}.Release|x86.Build.0 = Release|x86
		{BE58FD3D-9E91-4A39-8257-64976C22CFE4}.Release|x86.Deploy.0 = Release|x86
		{376BFCEC-78ED-43C9-BE40-9663C109BA5D}.Debug|ARM64.ActiveCfg = Debug|Any CPU
		{376BFCEC-78ED-43C9-BE40-9663C109BA5D}.Debug|ARM64.Build.0 = Debug|Any CPU
		{376BFCEC-78ED-43C9-BE40-9663C109BA5D}.Debug|x64.ActiveCfg = Debug|Any CPU
		{376BFCEC-78ED-43C9-BE40-9663C109BA5D}.Debug|x64.Build.0 = Debug|Any CPU
		{376BFCEC-78ED-43C9-BE40-9663C109BA5D}.Debug|x86.ActiveCfg = Debug|Any CPU
		{376BFCEC-78ED-43C9-BE40-9663C109BA5D}.Debug|x86.Build.0 = Debug|Any CPU
		{376BFCEC-78ED-43C9-BE40-9663C109BA5D}.Release|ARM64.ActiveCfg = Release|Any CPU
		{376BFCEC-78ED-43C9-BE40-9663C109BA5D}.Release|ARM64.Build.0 = Release|Any CPU
		{376BFCEC-78ED-43C9-BE40-9663C109BA5D}.Release|x64.ActiveCfg = Release|Any CPU
		{376BFCEC-78ED-43C9-BE40-9663C109BA5D}.Release|x64.Build.0 = Release|Any CPU
		{376BFCEC-78ED-43C9-BE40-9663C109BA5D}.Release|x86.ActiveCfg = Release|Any CPU
		{376BFCEC-78ED-43C9-BE40-9663C109BA5D}.Release|x86.Build.0 = Release|Any CPU
		{6E9444FF-1375-4944-9545-C707A415210E}.Debug|ARM64.ActiveCfg = Debug|ARM64
		{6E9444FF-1375-4944-9545-C707A415210E}.Debug|ARM64.Build.0 = Debug|ARM64
		{6E9444FF-1375-4944-9545-C707A415210E}.Debug|ARM64.Deploy.0 = Debug|ARM64
		{6E9444FF-1375-4944-9545-C707A415210E}.Debug|x64.ActiveCfg = Debug|x64
		{6E9444FF-1375-4944-9545-C707A415210E}.Debug|x64.Build.0 = Debug|x64
		{6E9444FF-1375-4944-9545-C707A415210E}.Debug|x64.Deploy.0 = Debug|x64
		{6E9444FF-1375-4944-9545-C707A415210E}.Debug|x86.ActiveCfg = Debug|x86
		{6E9444FF-1375-4944-9545-C707A415210E}.Debug|x86.Build.0 = Debug|x86
		{6E9444FF-1375-4944-9545-C707A415210E}.Debug|x86.Deploy.0 = Debug|x86
		{6E9444FF-1375-4944-9545-C707A415210E}.Release|ARM64.ActiveCfg = Release|ARM64
		{6E9444FF-1375-4944-9545-C707A415210E}.Release|ARM64.Build.0 = Release|ARM64
		{6E9444FF-1375-4944-9545-C707A415210E}.Release|ARM64.Deploy.0 = Release|ARM64
		{6E9444FF-1375-4944-9545-C707A415210E}.Release|x64.ActiveCfg = Release|x64
		{6E9444FF-1375-4944-9545-C707A415210E}.Release|x64.Build.0 = Release|x64
		{6E9444FF-1375-4944-9545-C707A415210E}.Release|x64.Deploy.0 = Release|x64
		{6E9444FF-1375-4944-9545-C707A415210E}.Release|x86.ActiveCfg = Release|x86
		{6E9444FF-1375-4944-9545-C707A415210E}.Release|x86.Build.0 = Release|x86
		{6E9444FF-1375-4944-9545-C707A415210E}.Release|x86.Deploy.0 = Release|x86
	EndGlobalSection
	GlobalSection(SolutionProperties) = preSolution
		HideSolutionNode = FALSE
	EndGlobalSection
	GlobalSection(ExtensibilityGlobals) = postSolution
		SolutionGuid = {3738D68C-F1B1-4521-8698-B7579950EDA7}
	EndGlobalSection
EndGlobal
